
Microsoft Visual Studio Solution File, Format Version 12.00
# Visual Studio Version 17
VisualStudioVersion = 17.14.36109.1 d17.14
MinimumVisualStudioVersion = 10.0.40219.1
Project("{8BC9CEB8-8B4A-11D0-8D11-00A0C91BC942}") = "deploy", "deploy\deploy.vcxproj", "{66344FEF-D929-4C0A-BF28-5B544BCE316A}"
EndProject
Global
	GlobalSection(SolutionConfigurationPlatforms) = preSolution
		Debug|x64 = Debug|x64
		Debug|x86 = Debug|x86
		Release|x64 = Release|x64
		Release|x86 = Release|x86
	EndGlobalSection
	GlobalSection(ProjectConfigurationPlatforms) = postSolution
		{66344FEF-D929-4C0A-BF28-5B544BCE316A}.Debug|x64.ActiveCfg = Release|Win32
		{66344FEF-D929-4C0A-BF28-5B544BCE316A}.Debug|x64.Build.0 = Release|Win32
		{66344FEF-D929-4C0A-BF28-5B544BCE316A}.Debug|x86.ActiveCfg = Debug|Win32
		{66344FEF-D929-4C0A-BF28-5B544BCE316A}.Debug|x86.Build.0 = Debug|Win32
		{66344FEF-D929-4C0A-BF28-5B544BCE316A}.Release|x64.ActiveCfg = Release|Win32
		{66344FEF-D929-4C0A-BF28-5B544BCE316A}.Release|x64.Build.0 = Release|Win32
		{66344FEF-D929-4C0A-BF28-5B544BCE316A}.Release|x86.ActiveCfg = Release|Win32
		{66344FEF-D929-4C0A-BF28-5B544BCE316A}.Release|x86.Build.0 = Release|Win32
	EndGlobalSection
	GlobalSection(SolutionProperties) = preSolution
		HideSolutionNode = FALSE
	EndGlobalSection
	GlobalSection(ExtensibilityGlobals) = postSolution
		SolutionGuid = {7F42C3B3-733C-4351-BC60-27B2296A19B8}
	EndGlobalSection
EndGlobal
