<?xml version="1.0" encoding="utf-8"?>
<Project ToolsVersion="4.0" xmlns="http://schemas.microsoft.com/developer/msbuild/2003">
  <ItemGroup>
    <Filter Include="Application">
      <UniqueIdentifier>{03ae3b30-f260-4557-b390-afcc0d48f007}</UniqueIdentifier>
    </Filter>
    <Filter Include="Config">
      <UniqueIdentifier>{4966d432-4b2b-457a-a42c-59795d88f209}</UniqueIdentifier>
    </Filter>
    <Filter Include="GUI_Lib">
      <UniqueIdentifier>{03510991-5993-4259-ab22-9a84d93df532}</UniqueIdentifier>
    </Filter>
    <Filter Include="Simulation">
      <UniqueIdentifier>{bbf090c5-dfd0-41d8-89f2-b58a9ae3ad34}</UniqueIdentifier>
    </Filter>
  </ItemGroup>
  <ItemGroup>
    <ClCompile Include="Config\GUIConf.c">
      <Filter>Config</Filter>
    </ClCompile>
    <ClCompile Include="Config\LCDConf.c">
      <Filter>Config</Filter>
    </ClCompile>
    <ClCompile Include="Config\SIMConf.c">
      <Filter>Config</Filter>
    </ClCompile>
    <ClCompile Include="Simulation\WinMain.c">
      <Filter>Simulation</Filter>
    </ClCompile>
    <ClCompile Include="Config\APPW_X_WIN32.c">
      <Filter>Config</Filter>
    </ClCompile>
  </ItemGroup>
  <ItemGroup>
    <ClInclude Include="Config\GUIConf.h">
      <Filter>Config</Filter>
    </ClInclude>
    <ClInclude Include="Config\LCDConf.h">
      <Filter>Config</Filter>
    </ClInclude>
    <ClInclude Include="..\..\Program Files\Microsoft Visual Studio\VC98\Include\BASETSD.H">
      <Filter>Simulation</Filter>
    </ClInclude>
    <ClInclude Include="GUI_Lib\BUTTON.h">
      <Filter>GUI_Lib</Filter>
    </ClInclude>
    <ClInclude Include="GUI_Lib\BUTTON_Private.h">
      <Filter>GUI_Lib</Filter>
    </ClInclude>
    <ClInclude Include="GUI_Lib\CHECKBOX.h">
      <Filter>GUI_Lib</Filter>
    </ClInclude>
    <ClInclude Include="GUI_Lib\CHECKBOX_Private.h">
      <Filter>GUI_Lib</Filter>
    </ClInclude>
    <ClInclude Include="GUI_Lib\CHOOSECOLOR.h">
      <Filter>GUI_Lib</Filter>
    </ClInclude>
    <ClInclude Include="GUI_Lib\CHOOSEFILE.h">
      <Filter>GUI_Lib</Filter>
    </ClInclude>
    <ClInclude Include="GUI_Lib\DIALOG.h">
      <Filter>GUI_Lib</Filter>
    </ClInclude>
    <ClInclude Include="GUI_Lib\DIALOG_Intern.h">
      <Filter>GUI_Lib</Filter>
    </ClInclude>
    <ClInclude Include="GUI_Lib\DROPDOWN.h">
      <Filter>GUI_Lib</Filter>
    </ClInclude>
    <ClInclude Include="GUI_Lib\DROPDOWN_Private.h">
      <Filter>GUI_Lib</Filter>
    </ClInclude>
    <ClInclude Include="GUI_Lib\EDIT.h">
      <Filter>GUI_Lib</Filter>
    </ClInclude>
    <ClInclude Include="GUI_Lib\EDIT_Private.h">
      <Filter>GUI_Lib</Filter>
    </ClInclude>
    <ClInclude Include="GUI_Lib\FRAMEWIN.h">
      <Filter>GUI_Lib</Filter>
    </ClInclude>
    <ClInclude Include="GUI_Lib\FRAMEWIN_Private.h">
      <Filter>GUI_Lib</Filter>
    </ClInclude>
    <ClInclude Include="GUI_Lib\Global.h">
      <Filter>GUI_Lib</Filter>
    </ClInclude>
    <ClInclude Include="GUI_Lib\GRAPH.h">
      <Filter>GUI_Lib</Filter>
    </ClInclude>
    <ClInclude Include="GUI_Lib\GRAPH_Private.h">
      <Filter>GUI_Lib</Filter>
    </ClInclude>
    <ClInclude Include="GUI_Lib\GUI.h">
      <Filter>GUI_Lib</Filter>
    </ClInclude>
    <ClInclude Include="GUI_Lib\GUI_ARRAY.h">
      <Filter>GUI_Lib</Filter>
    </ClInclude>
    <ClInclude Include="GUI_Lib\GUI_ARRAY_Private.h">
      <Filter>GUI_Lib</Filter>
    </ClInclude>
    <ClInclude Include="GUI_Lib\GUI_BMP_Private.h">
      <Filter>GUI_Lib</Filter>
    </ClInclude>
    <ClInclude Include="GUI_Lib\GUI_ConfDefaults.h">
      <Filter>GUI_Lib</Filter>
    </ClInclude>
    <ClInclude Include="GUI_Lib\GUI_Debug.h">
      <Filter>GUI_Lib</Filter>
    </ClInclude>
    <ClInclude Include="GUI_Lib\GUI_FontIntern.h">
      <Filter>GUI_Lib</Filter>
    </ClInclude>
    <ClInclude Include="GUI_Lib\GUI_GIF_Private.h">
      <Filter>GUI_Lib</Filter>
    </ClInclude>
    <ClInclude Include="GUI_Lib\GUI_HOOK.h">
      <Filter>GUI_Lib</Filter>
    </ClInclude>
    <ClInclude Include="GUI_Lib\GUI_JPEG_Private.h">
      <Filter>GUI_Lib</Filter>
    </ClInclude>
    <ClInclude Include="GUI_Lib\GUI_Private.h">
      <Filter>GUI_Lib</Filter>
    </ClInclude>
    <ClInclude Include="GUI_Lib\GUI_SetOrientation.h">
      <Filter>GUI_Lib</Filter>
    </ClInclude>
    <ClInclude Include="GUI_Lib\GUI_SetOrientationCX.h">
      <Filter>GUI_Lib</Filter>
    </ClInclude>
    <ClInclude Include="GUI_Lib\GUI_SIM_Win32.h">
      <Filter>GUI_Lib</Filter>
    </ClInclude>
    <ClInclude Include="GUI_Lib\GUI_Type.h">
      <Filter>GUI_Lib</Filter>
    </ClInclude>
    <ClInclude Include="GUI_Lib\GUI_Version.h">
      <Filter>GUI_Lib</Filter>
    </ClInclude>
    <ClInclude Include="GUI_Lib\GUI_VNC.h">
      <Filter>GUI_Lib</Filter>
    </ClInclude>
    <ClInclude Include="GUI_Lib\HEADER.h">
      <Filter>GUI_Lib</Filter>
    </ClInclude>
    <ClInclude Include="GUI_Lib\HEADER_Private.h">
      <Filter>GUI_Lib</Filter>
    </ClInclude>
    <ClInclude Include="GUI_Lib\ICONVIEW.h">
      <Filter>GUI_Lib</Filter>
    </ClInclude>
    <ClInclude Include="GUI_Lib\ICONVIEW_Private.h">
      <Filter>GUI_Lib</Filter>
    </ClInclude>
    <ClInclude Include="GUI_Lib\IMAGE.h">
      <Filter>GUI_Lib</Filter>
    </ClInclude>
    <ClInclude Include="GUI_Lib\IMAGE_Private.h">
      <Filter>GUI_Lib</Filter>
    </ClInclude>
    <ClInclude Include="GUI_Lib\LCD.h">
      <Filter>GUI_Lib</Filter>
    </ClInclude>
    <ClInclude Include="GUI_Lib\LCD_ConfDefaults.h">
      <Filter>GUI_Lib</Filter>
    </ClInclude>
    <ClInclude Include="GUI_Lib\LCD_Private.h">
      <Filter>GUI_Lib</Filter>
    </ClInclude>
    <ClInclude Include="GUI_Lib\LCD_Protected.h">
      <Filter>GUI_Lib</Filter>
    </ClInclude>
    <ClInclude Include="GUI_Lib\LCD_SIM.h">
      <Filter>GUI_Lib</Filter>
    </ClInclude>
    <ClInclude Include="GUI_Lib\LCDSIM_Private.h">
      <Filter>GUI_Lib</Filter>
    </ClInclude>
    <ClInclude Include="GUI_Lib\LISTBOX.h">
      <Filter>GUI_Lib</Filter>
    </ClInclude>
    <ClInclude Include="GUI_Lib\LISTBOX_Private.h">
      <Filter>GUI_Lib</Filter>
    </ClInclude>
    <ClInclude Include="GUI_Lib\LISTVIEW.h">
      <Filter>GUI_Lib</Filter>
    </ClInclude>
    <ClInclude Include="GUI_Lib\LISTVIEW_Private.h">
      <Filter>GUI_Lib</Filter>
    </ClInclude>
    <ClInclude Include="GUI_Lib\LISTWHEEL.h">
      <Filter>GUI_Lib</Filter>
    </ClInclude>
    <ClInclude Include="GUI_Lib\LISTWHEEL_Private.h">
      <Filter>GUI_Lib</Filter>
    </ClInclude>
    <ClInclude Include="GUI_Lib\MENU.h">
      <Filter>GUI_Lib</Filter>
    </ClInclude>
    <ClInclude Include="GUI_Lib\MENU_Private.h">
      <Filter>GUI_Lib</Filter>
    </ClInclude>
    <ClInclude Include="GUI_Lib\MESSAGEBOX.h">
      <Filter>GUI_Lib</Filter>
    </ClInclude>
    <ClInclude Include="GUI_Lib\MULTIEDIT.h">
      <Filter>GUI_Lib</Filter>
    </ClInclude>
    <ClInclude Include="GUI_Lib\MULTIPAGE.h">
      <Filter>GUI_Lib</Filter>
    </ClInclude>
    <ClInclude Include="GUI_Lib\MULTIPAGE_Private.h">
      <Filter>GUI_Lib</Filter>
    </ClInclude>
    <ClInclude Include="GUI_Lib\PROGBAR.h">
      <Filter>GUI_Lib</Filter>
    </ClInclude>
    <ClInclude Include="GUI_Lib\PROGBAR_Private.h">
      <Filter>GUI_Lib</Filter>
    </ClInclude>
    <ClInclude Include="GUI_Lib\RADIO.h">
      <Filter>GUI_Lib</Filter>
    </ClInclude>
    <ClInclude Include="GUI_Lib\RADIO_Private.h">
      <Filter>GUI_Lib</Filter>
    </ClInclude>
    <ClInclude Include="GUI_Lib\SCROLLBAR.h">
      <Filter>GUI_Lib</Filter>
    </ClInclude>
    <ClInclude Include="GUI_Lib\SCROLLBAR_Private.h">
      <Filter>GUI_Lib</Filter>
    </ClInclude>
    <ClInclude Include="GUI_Lib\SIM.h">
      <Filter>GUI_Lib</Filter>
    </ClInclude>
    <ClInclude Include="GUI_Lib\SIM_GetRegions.h">
      <Filter>GUI_Lib</Filter>
    </ClInclude>
    <ClInclude Include="GUI_Lib\SLIDER.h">
      <Filter>GUI_Lib</Filter>
    </ClInclude>
    <ClInclude Include="GUI_Lib\SLIDER_Private.h">
      <Filter>GUI_Lib</Filter>
    </ClInclude>
    <ClInclude Include="GUI_Lib\SPINBOX.h">
      <Filter>GUI_Lib</Filter>
    </ClInclude>
    <ClInclude Include="GUI_Lib\SPINBOX_Private.h">
      <Filter>GUI_Lib</Filter>
    </ClInclude>
    <ClInclude Include="GUI_Lib\TEXT.h">
      <Filter>GUI_Lib</Filter>
    </ClInclude>
    <ClInclude Include="GUI_Lib\TEXT_Private.h">
      <Filter>GUI_Lib</Filter>
    </ClInclude>
    <ClInclude Include="GUI_Lib\TREEVIEW.h">
      <Filter>GUI_Lib</Filter>
    </ClInclude>
    <ClInclude Include="GUI_Lib\TREEVIEW_Private.h">
      <Filter>GUI_Lib</Filter>
    </ClInclude>
    <ClInclude Include="GUI_Lib\WIDGET.h">
      <Filter>GUI_Lib</Filter>
    </ClInclude>
    <ClInclude Include="GUI_Lib\WINDOW_Private.h">
      <Filter>GUI_Lib</Filter>
    </ClInclude>
    <ClInclude Include="GUI_Lib\WM.h">
      <Filter>GUI_Lib</Filter>
    </ClInclude>
    <ClInclude Include="GUI_Lib\WM_GUI.h">
      <Filter>GUI_Lib</Filter>
    </ClInclude>
    <ClInclude Include="GUI_Lib\WM_Intern.h">
      <Filter>GUI_Lib</Filter>
    </ClInclude>
  </ItemGroup>
  <ItemGroup>
    <Library Include="Simulation\GUISim.lib">
      <Filter>Simulation</Filter>
    </Library>
    <Library Include="GUI_Lib\GUI.lib">
      <Filter>GUI_Lib</Filter>
    </Library>
  </ItemGroup>
  <ItemGroup>
    <Resource Include="Simulation\Simulation.res">
      <Filter>Simulation</Filter>
    </Resource>
  </ItemGroup>
</Project>